
Microsoft Visual Studio Solution File, Format Version 12.00
# Visual Studio 15
VisualStudioVersion = 15.0.27703.2026
MinimumVisualStudioVersion = 10.0.40219.1
Project("{8BC9CEB8-8B4A-11D0-8D11-00A0C91BC942}") = "sandbox", "sandbox\sandbox.vcxproj", "{2324A065-A102-4377-AFBF-4AC66CE9BC29}"
EndProject
Global
	GlobalSection(SolutionConfigurationPlatforms) = preSolution
		Debug|x86 = Debug|x86
		Release|x86 = Release|x86
	EndGlobalSection
	GlobalSection(ProjectConfigurationPlatforms) = postSolution
		{2324A065-A102-4377-AFBF-4AC66CE9BC29}.Debug|x86.ActiveCfg = Debug|Win32
		{2324A065-A102-4377-AFBF-4AC66CE9BC29}.Debug|x86.Build.0 = Debug|Win32
		{2324A065-A102-4377-AFBF-4AC66CE9BC29}.Release|x86.ActiveCfg = Release|Win32
		{2324A065-A102-4377-AFBF-4AC66CE9BC29}.Release|x86.Build.0 = Release|Win32
	EndGlobalSection
	GlobalSection(SolutionProperties) = preSolution
		HideSolutionNode = FALSE
	EndGlobalSection
	GlobalSection(ExtensibilityGlobals) = postSolution
		SolutionGuid = {1545B703-6403-4215-AA95-5B9D71069624}
	EndGlobalSection
EndGlobal
